
Microsoft Visual Studio Solution File, Format Version 12.00
# Visual Studio Version 16
VisualStudioVersion = 16.0.29123.88
MinimumVisualStudioVersion = 10.0.40219.1
Project("{8BC9CEB8-8B4A-11D0-8D11-00A0C91BC942}") = "BOJ_1260", "BOJ_1260\BOJ_1260.vcxproj", "{C5AE4C1F-2351-46E9-B136-2E548DCC1B8C}"
EndProject
Global
	GlobalSection(SolutionConfigurationPlatforms) = preSolution
		Debug|x64 = Debug|x64
		Debug|x86 = Debug|x86
		Release|x64 = Release|x64
		Release|x86 = Release|x86
	EndGlobalSection
	GlobalSection(ProjectConfigurationPlatforms) = postSolution
		{C5AE4C1F-2351-46E9-B136-2E548DCC1B8C}.Debug|x64.ActiveCfg = Debug|x64
		{C5AE4C1F-2351-46E9-B136-2E548DCC1B8C}.Debug|x64.Build.0 = Debug|x64
		{C5AE4C1F-2351-46E9-B136-2E548DCC1B8C}.Debug|x86.ActiveCfg = Debug|Win32
		{C5AE4C1F-2351-46E9-B136-2E548DCC1B8C}.Debug|x86.Build.0 = Debug|Win32
		{C5AE4C1F-2351-46E9-B136-2E548DCC1B8C}.Release|x64.ActiveCfg = Release|x64
		{C5AE4C1F-2351-46E9-B136-2E548DCC1B8C}.Release|x64.Build.0 = Release|x64
		{C5AE4C1F-2351-46E9-B136-2E548DCC1B8C}.Release|x86.ActiveCfg = Release|Win32
		{C5AE4C1F-2351-46E9-B136-2E548DCC1B8C}.Release|x86.Build.0 = Release|Win32
	EndGlobalSection
	GlobalSection(SolutionProperties) = preSolution
		HideSolutionNode = FALSE
	EndGlobalSection
	GlobalSection(ExtensibilityGlobals) = postSolution
		SolutionGuid = {DD1B0F41-A95E-4209-AFFF-99DFE72709C5}
	EndGlobalSection
EndGlobal
