
Microsoft Visual Studio Solution File, Format Version 12.00
# Visual Studio Version 16
VisualStudioVersion = 16.0.29215.179
MinimumVisualStudioVersion = 10.0.40219.1
Project("{8BC9CEB8-8B4A-11D0-8D11-00A0C91BC942}") = "BOJ_10797", "BOJ_10797\BOJ_10797.vcxproj", "{E31AA8CF-78B7-40E4-BD20-CEA9D390BAB3}"
EndProject
Global
	GlobalSection(SolutionConfigurationPlatforms) = preSolution
		Debug|x64 = Debug|x64
		Debug|x86 = Debug|x86
		Release|x64 = Release|x64
		Release|x86 = Release|x86
	EndGlobalSection
	GlobalSection(ProjectConfigurationPlatforms) = postSolution
		{E31AA8CF-78B7-40E4-BD20-CEA9D390BAB3}.Debug|x64.ActiveCfg = Debug|x64
		{E31AA8CF-78B7-40E4-BD20-CEA9D390BAB3}.Debug|x64.Build.0 = Debug|x64
		{E31AA8CF-78B7-40E4-BD20-CEA9D390BAB3}.Debug|x86.ActiveCfg = Debug|Win32
		{E31AA8CF-78B7-40E4-BD20-CEA9D390BAB3}.Debug|x86.Build.0 = Debug|Win32
		{E31AA8CF-78B7-40E4-BD20-CEA9D390BAB3}.Release|x64.ActiveCfg = Release|x64
		{E31AA8CF-78B7-40E4-BD20-CEA9D390BAB3}.Release|x64.Build.0 = Release|x64
		{E31AA8CF-78B7-40E4-BD20-CEA9D390BAB3}.Release|x86.ActiveCfg = Release|Win32
		{E31AA8CF-78B7-40E4-BD20-CEA9D390BAB3}.Release|x86.Build.0 = Release|Win32
	EndGlobalSection
	GlobalSection(SolutionProperties) = preSolution
		HideSolutionNode = FALSE
	EndGlobalSection
	GlobalSection(ExtensibilityGlobals) = postSolution
		SolutionGuid = {CC362666-0934-49F4-AC1C-A1A63C6038EC}
	EndGlobalSection
EndGlobal
